
Microsoft Visual Studio Solution File, Format Version 12.00
Project("{FAE04EC0-301F-11D3-BF4B-00C04F79EFBC}") = "PocApi", "PocApi\PocApi.csproj", "{C8EECF1F-2E32-4767-9D74-82B22CF259DA}"
EndProject
Project("{FAE04EC0-301F-11D3-BF4B-00C04F79EFBC}") = "PocConsumer", "PocConsumer\PocConsumer.csproj", "{F7B2FEF4-F881-4F84-A336-517D9D463A52}"
EndProject
Global
	GlobalSection(SolutionConfigurationPlatforms) = preSolution
		Debug|Any CPU = Debug|Any CPU
		Release|Any CPU = Release|Any CPU
	EndGlobalSection
	GlobalSection(ProjectConfigurationPlatforms) = postSolution
		{C8EECF1F-2E32-4767-9D74-82B22CF259DA}.Debug|Any CPU.ActiveCfg = Debug|Any CPU
		{C8EECF1F-2E32-4767-9D74-82B22CF259DA}.Debug|Any CPU.Build.0 = Debug|Any CPU
		{C8EECF1F-2E32-4767-9D74-82B22CF259DA}.Release|Any CPU.ActiveCfg = Release|Any CPU
		{C8EECF1F-2E32-4767-9D74-82B22CF259DA}.Release|Any CPU.Build.0 = Release|Any CPU
		{F7B2FEF4-F881-4F84-A336-517D9D463A52}.Debug|Any CPU.ActiveCfg = Debug|Any CPU
		{F7B2FEF4-F881-4F84-A336-517D9D463A52}.Debug|Any CPU.Build.0 = Debug|Any CPU
		{F7B2FEF4-F881-4F84-A336-517D9D463A52}.Release|Any CPU.ActiveCfg = Release|Any CPU
		{F7B2FEF4-F881-4F84-A336-517D9D463A52}.Release|Any CPU.Build.0 = Release|Any CPU
	EndGlobalSection
EndGlobal
